
Microsoft Visual Studio Solution File, Format Version 12.00
# Visual Studio 15
VisualStudioVersion = 15.0.27130.0
MinimumVisualStudioVersion = 10.0.40219.1
Project("{9A19103F-16F7-4668-BE54-9A1E7A4F7556}") = "IdentityServer", "IdentityServer\IdentityServer.csproj", "{5F4C2F6E-82DD-4C23-A8F7-5EECEAE86CC0}"
EndProject
Project("{9A19103F-16F7-4668-BE54-9A1E7A4F7556}") = "OcelotGateway", "OcelotGateway\OcelotGateway.csproj", "{6F470827-8F37-4EF5-8041-3BD46B009E51}"
EndProject
Project("{9A19103F-16F7-4668-BE54-9A1E7A4F7556}") = "DemoBAPI", "DemoBAPI\DemoBAPI.csproj", "{EB374EF6-8789-4919-A4EC-A10F78358492}"
EndProject
Project("{2150E333-8FDC-42A3-9474-1A3956D46DE8}") = "Solution Items", "Solution Items", "{132DFDD1-FF57-4D4A-B273-819D4B505BFD}"
	ProjectSection(SolutionItems) = preProject
		note.txt = note.txt
	EndProjectSection
EndProject
Global
	GlobalSection(SolutionConfigurationPlatforms) = preSolution
		Debug|Any CPU = Debug|Any CPU
		Release|Any CPU = Release|Any CPU
	EndGlobalSection
	GlobalSection(ProjectConfigurationPlatforms) = postSolution
		{5F4C2F6E-82DD-4C23-A8F7-5EECEAE86CC0}.Debug|Any CPU.ActiveCfg = Debug|Any CPU
		{5F4C2F6E-82DD-4C23-A8F7-5EECEAE86CC0}.Debug|Any CPU.Build.0 = Debug|Any CPU
		{5F4C2F6E-82DD-4C23-A8F7-5EECEAE86CC0}.Release|Any CPU.ActiveCfg = Release|Any CPU
		{5F4C2F6E-82DD-4C23-A8F7-5EECEAE86CC0}.Release|Any CPU.Build.0 = Release|Any CPU
		{6F470827-8F37-4EF5-8041-3BD46B009E51}.Debug|Any CPU.ActiveCfg = Debug|Any CPU
		{6F470827-8F37-4EF5-8041-3BD46B009E51}.Debug|Any CPU.Build.0 = Debug|Any CPU
		{6F470827-8F37-4EF5-8041-3BD46B009E51}.Release|Any CPU.ActiveCfg = Release|Any CPU
		{6F470827-8F37-4EF5-8041-3BD46B009E51}.Release|Any CPU.Build.0 = Release|Any CPU
		{EB374EF6-8789-4919-A4EC-A10F78358492}.Debug|Any CPU.ActiveCfg = Debug|Any CPU
		{EB374EF6-8789-4919-A4EC-A10F78358492}.Debug|Any CPU.Build.0 = Debug|Any CPU
		{EB374EF6-8789-4919-A4EC-A10F78358492}.Release|Any CPU.ActiveCfg = Release|Any CPU
		{EB374EF6-8789-4919-A4EC-A10F78358492}.Release|Any CPU.Build.0 = Release|Any CPU
	EndGlobalSection
	GlobalSection(SolutionProperties) = preSolution
		HideSolutionNode = FALSE
	EndGlobalSection
	GlobalSection(ExtensibilityGlobals) = postSolution
		SolutionGuid = {3FC3562D-CA79-401A-850A-BFAF4B76B7D0}
	EndGlobalSection
EndGlobal
